
Microsoft Visual Studio Solution File, Format Version 12.00
# Visual Studio 15
Project("{FAE04EC0-301F-11D3-BF4B-00C04F79EFBC}") = "Fusion.Unity.Editor", "Fusion.Unity.Editor.csproj", "{836CD8EE-1538-8D0F-FF30-E38F4C0BE678}"
EndProject
Project("{FAE04EC0-301F-11D3-BF4B-00C04F79EFBC}") = "Fusion.Unity", "Fusion.Unity.csproj", "{4EB99FA9-898F-BAEE-963B-039DFB597524}"
EndProject
Project("{FAE04EC0-301F-11D3-BF4B-00C04F79EFBC}") = "DOTween.Modules", "DOTween.Modules.csproj", "{3803C8D3-9B20-13FA-1C96-94C21AC24ABD}"
EndProject
Project("{FAE04EC0-301F-11D3-BF4B-00C04F79EFBC}") = "Unity.Fusion.CodeGen", "Unity.Fusion.CodeGen.csproj", "{3A38387C-8F05-499D-9C76-E2D5CAFECA39}"
EndProject
Project("{FAE04EC0-301F-11D3-BF4B-00C04F79EFBC}") = "Assembly-CSharp", "Assembly-CSharp.csproj", "{40ECC6FF-C077-8615-EE9F-E643EDD5E0AA}"
EndProject
Global
	GlobalSection(SolutionConfigurationPlatforms) = preSolution
		Debug|Any CPU = Debug|Any CPU
		Release|Any CPU = Release|Any CPU
	EndGlobalSection
	GlobalSection(ProjectConfigurationPlatforms) = postSolution
		{836CD8EE-1538-8D0F-FF30-E38F4C0BE678}.Debug|Any CPU.ActiveCfg = Debug|Any CPU
		{836CD8EE-1538-8D0F-FF30-E38F4C0BE678}.Debug|Any CPU.Build.0 = Debug|Any CPU
		{836CD8EE-1538-8D0F-FF30-E38F4C0BE678}.Release|Any CPU.ActiveCfg = Release|Any CPU
		{836CD8EE-1538-8D0F-FF30-E38F4C0BE678}.Release|Any CPU.Build.0 = Release|Any CPU
		{4EB99FA9-898F-BAEE-963B-039DFB597524}.Debug|Any CPU.ActiveCfg = Debug|Any CPU
		{4EB99FA9-898F-BAEE-963B-039DFB597524}.Debug|Any CPU.Build.0 = Debug|Any CPU
		{4EB99FA9-898F-BAEE-963B-039DFB597524}.Release|Any CPU.ActiveCfg = Release|Any CPU
		{4EB99FA9-898F-BAEE-963B-039DFB597524}.Release|Any CPU.Build.0 = Release|Any CPU
		{3803C8D3-9B20-13FA-1C96-94C21AC24ABD}.Debug|Any CPU.ActiveCfg = Debug|Any CPU
		{3803C8D3-9B20-13FA-1C96-94C21AC24ABD}.Debug|Any CPU.Build.0 = Debug|Any CPU
		{3803C8D3-9B20-13FA-1C96-94C21AC24ABD}.Release|Any CPU.ActiveCfg = Release|Any CPU
		{3803C8D3-9B20-13FA-1C96-94C21AC24ABD}.Release|Any CPU.Build.0 = Release|Any CPU
		{3A38387C-8F05-499D-9C76-E2D5CAFECA39}.Debug|Any CPU.ActiveCfg = Debug|Any CPU
		{3A38387C-8F05-499D-9C76-E2D5CAFECA39}.Debug|Any CPU.Build.0 = Debug|Any CPU
		{3A38387C-8F05-499D-9C76-E2D5CAFECA39}.Release|Any CPU.ActiveCfg = Release|Any CPU
		{3A38387C-8F05-499D-9C76-E2D5CAFECA39}.Release|Any CPU.Build.0 = Release|Any CPU
		{40ECC6FF-C077-8615-EE9F-E643EDD5E0AA}.Debug|Any CPU.ActiveCfg = Debug|Any CPU
		{40ECC6FF-C077-8615-EE9F-E643EDD5E0AA}.Debug|Any CPU.Build.0 = Debug|Any CPU
		{40ECC6FF-C077-8615-EE9F-E643EDD5E0AA}.Release|Any CPU.ActiveCfg = Release|Any CPU
		{40ECC6FF-C077-8615-EE9F-E643EDD5E0AA}.Release|Any CPU.Build.0 = Release|Any CPU
	EndGlobalSection
	GlobalSection(SolutionProperties) = preSolution
		HideSolutionNode = FALSE
	EndGlobalSection
EndGlobal
